
Microsoft Visual Studio Solution File, Format Version 12.00
Project("{FAE04EC0-301F-11D3-BF4B-00C04F79EFBC}") = "Logger", "Logger\Logger.csproj", "{E8819D8F-4947-499B-B831-AD3BA2A9D067}"
EndProject
Project("{FAE04EC0-301F-11D3-BF4B-00C04F79EFBC}") = "__Main__", "__Main__\__Main__.csproj", "{62B5D934-8B71-4AC2-8189-4839CD056249}"
EndProject
Project("{FAE04EC0-301F-11D3-BF4B-00C04F79EFBC}") = "CommonTasks", "CommonTasks\CommonTasks.csproj", "{04D36BE2-F2B1-443C-9936-533986044328}"
EndProject
Global
	GlobalSection(SolutionConfigurationPlatforms) = preSolution
		Debug|Any CPU = Debug|Any CPU
		Release|Any CPU = Release|Any CPU
	EndGlobalSection
	GlobalSection(ProjectConfigurationPlatforms) = postSolution
		{E8819D8F-4947-499B-B831-AD3BA2A9D067}.Debug|Any CPU.ActiveCfg = Debug|Any CPU
		{E8819D8F-4947-499B-B831-AD3BA2A9D067}.Debug|Any CPU.Build.0 = Debug|Any CPU
		{E8819D8F-4947-499B-B831-AD3BA2A9D067}.Release|Any CPU.ActiveCfg = Release|Any CPU
		{E8819D8F-4947-499B-B831-AD3BA2A9D067}.Release|Any CPU.Build.0 = Release|Any CPU
		{62B5D934-8B71-4AC2-8189-4839CD056249}.Debug|Any CPU.ActiveCfg = Debug|Any CPU
		{62B5D934-8B71-4AC2-8189-4839CD056249}.Debug|Any CPU.Build.0 = Debug|Any CPU
		{62B5D934-8B71-4AC2-8189-4839CD056249}.Release|Any CPU.ActiveCfg = Release|Any CPU
		{62B5D934-8B71-4AC2-8189-4839CD056249}.Release|Any CPU.Build.0 = Release|Any CPU
		{04D36BE2-F2B1-443C-9936-533986044328}.Debug|Any CPU.ActiveCfg = Debug|Any CPU
		{04D36BE2-F2B1-443C-9936-533986044328}.Debug|Any CPU.Build.0 = Debug|Any CPU
		{04D36BE2-F2B1-443C-9936-533986044328}.Release|Any CPU.ActiveCfg = Release|Any CPU
		{04D36BE2-F2B1-443C-9936-533986044328}.Release|Any CPU.Build.0 = Release|Any CPU
	EndGlobalSection
EndGlobal
